// !$*UTF8*$!
{
    archiveVersion = 1;
    classes = {};
    objectVersion = 46;
    rootObject = __RootObject_;
    objects = {
        __RootObject_ = {
            isa = PBXProject;
            attributes = {LastUpgradeCheck = 9999;};
            buildConfigurationList = ___RootConfs_;
            compatibilityVersion = 'Xcode 3.2';
            developmentRegion = English;
            hasScannedForEncodings = 0;
            knownRegions = (en);
            mainGroup = ___RootGroup_;
            productRefGroup = ____Products_;
            projectDirPath = '';
            projectRoot = '';
            targets = (______Target_Katrina);
        };
        '__PBXFileRef_Package.swift' = {
            isa = PBXFileReference;
            lastKnownFileType = sourcecode.swift;
            name = 'Package.swift';
            path = 'Package.swift';
            sourceTree = '<group>';
        };
        ___RootGroup_ = {
            isa = PBXGroup;
            children = ('__PBXFileRef_Package.swift', _____Configs_, _____Sources_, Dependencies_, _______Tests_, ____Products_);
            sourceTree = '<group>';
        };
        _______Group_Katrina = {
            isa = PBXGroup;
            name = Katrina;
            path = 'Sources';
            sourceTree = '<group>';
            children = ('__PBXFileRef_Sources/Command.swift', '__PBXFileRef_Sources/main.swift', '__PBXFileRef_Sources/MinecraftServer.swift', '__PBXFileRef_Sources/NotificationString.swift');
        };
        '__PBXFileRef_Sources/Command.swift' = {
            isa = PBXFileReference;
            lastKnownFileType = sourcecode.swift;
            name = 'Command.swift';
            sourceTree = '<group>';
        };
        '__PBXFileRef_Sources/main.swift' = {
            isa = PBXFileReference;
            lastKnownFileType = sourcecode.swift;
            name = 'main.swift';
            sourceTree = '<group>';
        };
        '__PBXFileRef_Sources/MinecraftServer.swift' = {
            isa = PBXFileReference;
            lastKnownFileType = sourcecode.swift;
            name = 'MinecraftServer.swift';
            sourceTree = '<group>';
        };
        '__PBXFileRef_Sources/NotificationString.swift' = {
            isa = PBXFileReference;
            lastKnownFileType = sourcecode.swift;
            name = 'NotificationString.swift';
            sourceTree = '<group>';
        };
        ______Target_Katrina = {
            isa = PBXNativeTarget;
            buildConfigurationList = _______Confs_Katrina;
            buildPhases = (CompilePhase_Katrina, ___LinkPhase_Katrina);
            buildRules = ();
            dependencies = ();
            name = Katrina;
            productName = Katrina;
            productReference = _____Product_Katrina;
            productType = 'com.apple.product-type.tool';
        };
        _____Product_Katrina = {
            isa = PBXFileReference;
            explicitFileType = 'compiled.mach-o.executable';
            path = 'Katrina';
            sourceTree = BUILT_PRODUCTS_DIR;
        };
        CompilePhase_Katrina = {
            isa = PBXSourcesBuildPhase;
            files = ('__src_cc_ref_Sources/Command.swift', '__src_cc_ref_Sources/main.swift', '__src_cc_ref_Sources/MinecraftServer.swift', '__src_cc_ref_Sources/NotificationString.swift');
            runOnlyForDeploymentPostprocessing = 0;
        };
        '__src_cc_ref_Sources/Command.swift' = {
            isa = PBXBuildFile;
            fileRef = '__PBXFileRef_Sources/Command.swift';
        };
        '__src_cc_ref_Sources/main.swift' = {
            isa = PBXBuildFile;
            fileRef = '__PBXFileRef_Sources/main.swift';
        };
        '__src_cc_ref_Sources/MinecraftServer.swift' = {
            isa = PBXBuildFile;
            fileRef = '__PBXFileRef_Sources/MinecraftServer.swift';
        };
        '__src_cc_ref_Sources/NotificationString.swift' = {
            isa = PBXBuildFile;
            fileRef = '__PBXFileRef_Sources/NotificationString.swift';
        };
        ___LinkPhase_Katrina = {
            isa = PBXFrameworksBuildPhase;
            files = ();
            runOnlyForDeploymentPostprocessing = 0;
        };
        _______Confs_Katrina = {
            isa = XCConfigurationList;
            buildConfigurations = (___DebugConf_Katrina, _ReleaseConf_Katrina);
            defaultConfigurationIsVisible = 0;
            defaultConfigurationName = Debug;
        };
        ___DebugConf_Katrina = {
            isa = XCBuildConfiguration;
            buildSettings = { OTHER_SWIFT_FLAGS = '$(inherited)'; SWIFT_OPTIMIZATION_LEVEL = '-Onone'; LD_RUNPATH_SEARCH_PATHS = '$(TOOLCHAIN_DIR)/usr/lib/swift/macosx @executable_path'; SWIFT_FORCE_STATIC_LINK_STDLIB = 'NO'; SWIFT_FORCE_DYNAMIC_LINK_STDLIB = 'YES'; OTHER_LDFLAGS = '$(inherited)'; };
            name = Debug;
        };
        _ReleaseConf_Katrina = {
            isa = XCBuildConfiguration;
            buildSettings = { OTHER_SWIFT_FLAGS = '$(inherited)'; LD_RUNPATH_SEARCH_PATHS = '$(TOOLCHAIN_DIR)/usr/lib/swift/macosx @executable_path'; SWIFT_FORCE_STATIC_LINK_STDLIB = 'NO'; SWIFT_FORCE_DYNAMIC_LINK_STDLIB = 'YES'; OTHER_LDFLAGS = '$(inherited)'; };
            name = Release;
        };
        __Dependency_Katrina = {
            isa = PBXTargetDependency;
            target = ______Target_Katrina;
        };
        '__PBXFileRef_Katrina.xcodeproj/Configs/Project.xcconfig' = {
            isa = PBXFileReference;
            lastKnownFileType = text.xcconfig;
            name = 'Project.xcconfig';
            path = 'Katrina.xcodeproj/Configs/Project.xcconfig';
            sourceTree = '<group>';
        };
        _____Configs_ = {
            isa = PBXGroup;
            children = ('__PBXFileRef_Katrina.xcodeproj/Configs/Project.xcconfig');
            name = Configs;
            sourceTree = '<group>';
        };
        _____Sources_ = {
            isa = PBXGroup;
            children = (_______Group_Katrina);
            name = Sources;
            sourceTree = '<group>';
        };
        ____Products_ = {
            isa = PBXGroup;
            children = (_____Product_Katrina);
            name = Products;
            sourceTree = '<group>';
        };
        _______Debug_ = {
            isa = XCBuildConfiguration;
            baseConfigurationReference = '__PBXFileRef_Katrina.xcodeproj/Configs/Project.xcconfig';
            buildSettings = {};
            name = Debug;
        };
        _____Release_ = {
            isa = XCBuildConfiguration;
            baseConfigurationReference = '__PBXFileRef_Katrina.xcodeproj/Configs/Project.xcconfig';
            buildSettings = {};
            name = Release;
        };
        ___RootConfs_ = {
            isa = XCConfigurationList;
            buildConfigurations = (_______Debug_, _____Release_);
            defaultConfigurationIsVisible = 0;
            defaultConfigurationName = Debug;
        };
    };
}
